{
  "version": 4,
  "terraform_version": "1.12.2",
  "serial": 31,
  "lineage": "ef82111b-33db-0587-9788-a37b599253bc",
  "outputs": {
    "okta_emails_to_id": {
      "value": [
        "oktatest@sarathpm.xyz",
        "sarath2375@gmail.com",
        "testokta@sarathpm.xyz"
      ],
      "type": [
        "tuple",
        [
          "string",
          "string",
          "string"
        ]
      ]
    }
  },
  "resources": [
    {
      "module": "module.okta_groups",
      "mode": "data",
      "type": "okta_user",
      "name": "users",
      "provider": "provider[\"registry.terraform.io/okta/okta\"]",
      "instances": [
        {
          "index_key": "oktatest@sarathpm.xyz",
          "schema_version": 0,
          "attributes": {
            "admin_roles": [],
            "city": null,
            "compound_search_operator": "and",
            "cost_center": null,
            "country_code": null,
            "custom_profile_attributes": "{}",
            "delay_read_seconds": null,
            "department": null,
            "display_name": null,
            "division": null,
            "email": "oktatest@sarathpm.xyz",
            "employee_number": null,
            "first_name": "okta",
            "group_memberships": [
              "00gs3d8jdsdKku3Uy697",
              "00gsu0rjwcZTBqfnz697",
              "00gsxqbtvf9M5h8Ja697"
            ],
            "honorific_prefix": null,
            "honorific_suffix": null,
            "id": "00usq2qlbwewiToB8697",
            "last_name": "test",
            "locale": null,
            "login": "oktatest@sarathpm.xyz",
            "manager": null,
            "manager_id": null,
            "middle_name": null,
            "mobile_phone": null,
            "nick_name": null,
            "organization": null,
            "postal_address": null,
            "preferred_language": null,
            "primary_phone": null,
            "profile_url": null,
            "roles": [],
            "search": [
              {
                "comparison": "eq",
                "expression": "",
                "name": "profile.email",
                "value": "oktatest@sarathpm.xyz"
              }
            ],
            "second_email": null,
            "skip_groups": false,
            "skip_roles": false,
            "state": null,
            "status": "ACTIVE",
            "street_address": null,
            "timezone": null,
            "title": null,
            "user_id": null,
            "user_type": null,
            "zip_code": null
          },
          "sensitive_attributes": [],
          "identity_schema_version": 0
        },
        {
          "index_key": "sarath2375@gmail.com",
          "schema_version": 0,
          "attributes": {
            "admin_roles": [],
            "city": null,
            "compound_search_operator": "and",
            "cost_center": null,
            "country_code": null,
            "custom_profile_attributes": "{}",
            "delay_read_seconds": null,
            "department": "readonly",
            "display_name": null,
            "division": null,
            "email": "sarath2375@gmail.com",
            "employee_number": null,
            "first_name": "Sarath",
            "group_memberships": [
              "00gs3d8jdsdKku3Uy697",
              "00gsm2mye0Iq7vF39697",
              "00gsxqbtvf9M5h8Ja697"
            ],
            "honorific_prefix": null,
            "honorific_suffix": null,
            "id": "00us3d8cl5Cq5Ww6g697",
            "last_name": "P M",
            "locale": null,
            "login": "sarath2375@gmail.com",
            "manager": null,
            "manager_id": null,
            "middle_name": null,
            "mobile_phone": null,
            "nick_name": null,
            "organization": null,
            "postal_address": null,
            "preferred_language": null,
            "primary_phone": null,
            "profile_url": null,
            "roles": [],
            "search": [
              {
                "comparison": "eq",
                "expression": "",
                "name": "profile.email",
                "value": "sarath2375@gmail.com"
              }
            ],
            "second_email": "",
            "skip_groups": false,
            "skip_roles": false,
            "state": null,
            "status": "ACTIVE",
            "street_address": null,
            "timezone": null,
            "title": null,
            "user_id": null,
            "user_type": null,
            "zip_code": null
          },
          "sensitive_attributes": [],
          "identity_schema_version": 0
        },
        {
          "index_key": "testokta@sarathpm.xyz",
          "schema_version": 0,
          "attributes": {
            "admin_roles": [],
            "city": null,
            "compound_search_operator": "and",
            "cost_center": null,
            "country_code": null,
            "custom_profile_attributes": "{}",
            "delay_read_seconds": null,
            "department": "readonly",
            "display_name": null,
            "division": null,
            "email": "testokta@sarathpm.xyz",
            "employee_number": null,
            "first_name": "Test",
            "group_memberships": [
              "00gs3d8jdsdKku3Uy697",
              "00gs3ebf44G2qID7o697",
              "00gsxqbtvf9M5h8Ja697"
            ],
            "honorific_prefix": null,
            "honorific_suffix": null,
            "id": "00us8mg0ffQzsF0Uz697",
            "last_name": "okta",
            "locale": null,
            "login": "testokta@sarathpm.xyz",
            "manager": null,
            "manager_id": null,
            "middle_name": null,
            "mobile_phone": null,
            "nick_name": null,
            "organization": null,
            "postal_address": null,
            "preferred_language": null,
            "primary_phone": null,
            "profile_url": null,
            "roles": [],
            "search": [
              {
                "comparison": "eq",
                "expression": "",
                "name": "profile.email",
                "value": "testokta@sarathpm.xyz"
              }
            ],
            "second_email": null,
            "skip_groups": false,
            "skip_roles": false,
            "state": null,
            "status": "ACTIVE",
            "street_address": null,
            "timezone": null,
            "title": null,
            "user_id": null,
            "user_type": null,
            "zip_code": null
          },
          "sensitive_attributes": [],
          "identity_schema_version": 0
        }
      ]
    },
    {
      "module": "module.okta_groups",
      "mode": "managed",
      "type": "okta_group",
      "name": "this",
      "provider": "provider[\"registry.terraform.io/okta/okta\"]",
      "instances": [
        {
          "index_key": "developer-group",
          "schema_version": 0,
          "attributes": {
            "custom_profile_attributes": "{}",
            "description": "Group for developers",
            "id": "00gsxsatn1KShfeZb697",
            "name": "developer-group",
            "skip_users": false
          },
          "sensitive_attributes": [],
          "identity_schema_version": 0,
          "private": "bnVsbA=="
        },
        {
          "index_key": "infra-group",
          "schema_version": 0,
          "attributes": {
            "custom_profile_attributes": "{}",
            "description": "Group for Infrastructure",
            "id": "00gsxsatn0Y7FHyx5697",
            "name": "infra-group",
            "skip_users": false
          },
          "sensitive_attributes": [],
          "identity_schema_version": 0,
          "private": "bnVsbA=="
        }
      ]
    },
    {
      "module": "module.okta_groups",
      "mode": "managed",
      "type": "okta_group_memberships",
      "name": "this",
      "provider": "provider[\"registry.terraform.io/okta/okta\"]",
      "instances": [
        {
          "index_key": "developer-group",
          "schema_version": 0,
          "attributes": {
            "group_id": "00gsxsatn1KShfeZb697",
            "id": "00gsxsatn1KShfeZb697",
            "track_all_users": false,
            "users": [
              "00us3d8cl5Cq5Ww6g697"
            ]
          },
          "sensitive_attributes": [],
          "identity_schema_version": 0,
          "private": "bnVsbA==",
          "dependencies": [
            "module.okta_groups.data.okta_user.users",
            "module.okta_groups.okta_group.this"
          ]
        },
        {
          "index_key": "infra-group",
          "schema_version": 0,
          "attributes": {
            "group_id": "00gsxsatn0Y7FHyx5697",
            "id": "00gsxsatn0Y7FHyx5697",
            "track_all_users": false,
            "users": [
              "00us8mg0ffQzsF0Uz697",
              "00usq2qlbwewiToB8697"
            ]
          },
          "sensitive_attributes": [],
          "identity_schema_version": 0,
          "private": "bnVsbA==",
          "dependencies": [
            "module.okta_groups.data.okta_user.users",
            "module.okta_groups.okta_group.this"
          ]
        }
      ]
    }
  ],
  "check_results": null
}
